
Microsoft Visual Studio Solution File, Format Version 12.00
# Visual Studio 15
VisualStudioVersion = 15.0.28307.168
MinimumVisualStudioVersion = 10.0.40219.1
Project("{9A19103F-16F7-4668-BE54-9A1E7A4F7556}") = "Lab07LINQ", "Lab07LINQ\Lab07LINQ.csproj", "{BC85C10D-B920-4C0C-AE8C-B363013E219F}"
EndProject
Global
	GlobalSection(SolutionConfigurationPlatforms) = preSolution
		Debug|Any CPU = Debug|Any CPU
		Release|Any CPU = Release|Any CPU
	EndGlobalSection
	GlobalSection(ProjectConfigurationPlatforms) = postSolution
		{BC85C10D-B920-4C0C-AE8C-B363013E219F}.Debug|Any CPU.ActiveCfg = Debug|Any CPU
		{BC85C10D-B920-4C0C-AE8C-B363013E219F}.Debug|Any CPU.Build.0 = Debug|Any CPU
		{BC85C10D-B920-4C0C-AE8C-B363013E219F}.Release|Any CPU.ActiveCfg = Release|Any CPU
		{BC85C10D-B920-4C0C-AE8C-B363013E219F}.Release|Any CPU.Build.0 = Release|Any CPU
	EndGlobalSection
	GlobalSection(SolutionProperties) = preSolution
		HideSolutionNode = FALSE
	EndGlobalSection
	GlobalSection(ExtensibilityGlobals) = postSolution
		SolutionGuid = {2988B5AC-19C8-431F-BA7C-8C5D226813C2}
	EndGlobalSection
EndGlobal
